
Microsoft Visual Studio Solution File, Format Version 12.00
# Visual Studio 15
VisualStudioVersion = 15.0.28010.2003
MinimumVisualStudioVersion = 10.0.40219.1
Project("{FAE04EC0-301F-11D3-BF4B-00C04F79EFBC}") = "AcsessSCCO", "AcsessSCCO\AcsessSCCO.csproj", "{E862810D-B6CE-4272-B210-95D99B5151D7}"
EndProject
Global
	GlobalSection(SolutionConfigurationPlatforms) = preSolution
		Debug|Any CPU = Debug|Any CPU
		Release|Any CPU = Release|Any CPU
	EndGlobalSection
	GlobalSection(ProjectConfigurationPlatforms) = postSolution
		{E862810D-B6CE-4272-B210-95D99B5151D7}.Debug|Any CPU.ActiveCfg = Debug|Any CPU
		{E862810D-B6CE-4272-B210-95D99B5151D7}.Debug|Any CPU.Build.0 = Debug|Any CPU
		{E862810D-B6CE-4272-B210-95D99B5151D7}.Release|Any CPU.ActiveCfg = Release|Any CPU
		{E862810D-B6CE-4272-B210-95D99B5151D7}.Release|Any CPU.Build.0 = Release|Any CPU
	EndGlobalSection
	GlobalSection(SolutionProperties) = preSolution
		HideSolutionNode = FALSE
	EndGlobalSection
	GlobalSection(ExtensibilityGlobals) = postSolution
		SolutionGuid = {DF86EC20-23DD-41B5-8DBA-9151B4FEBF03}
	EndGlobalSection
EndGlobal
